// !$*UTF8*$!
{
	archiveVersion = 1;
	classes = {
	};
	objectVersion = 48;
	objects = {

/* Begin PBXBuildFile section */
		56199C67217BDD1D009B6A7A /* HindMadurai-Bold.ttf in Resources */ = {isa = PBXBuildFile; fileRef = 56199C65217BDD1D009B6A7A /* HindMadurai-Bold.ttf */; };
		56199C68217BDD1D009B6A7A /* HindMadurai-SemiBold.ttf in Resources */ = {isa = PBXBuildFile; fileRef = 56199C66217BDD1D009B6A7A /* HindMadurai-SemiBold.ttf */; };
		56199C69217BE07C009B6A7A /* HindMadurai-Regular.ttf in Resources */ = {isa = PBXBuildFile; fileRef = 5659F7812155EDB6002FD653 /* HindMadurai-Regular.ttf */; };
		56199C6B217BEE35009B6A7A /* PlaybackDelegate.swift in Sources */ = {isa = PBXBuildFile; fileRef = 56199C6A217BEE35009B6A7A /* PlaybackDelegate.swift */; };
		56199C6D217BEEC5009B6A7A /* LoopPlaybackDelegate.swift in Sources */ = {isa = PBXBuildFile; fileRef = 56199C6C217BEEC4009B6A7A /* LoopPlaybackDelegate.swift */; };
		56199C6F217BEF08009B6A7A /* MeterDelegate.swift in Sources */ = {isa = PBXBuildFile; fileRef = 56199C6E217BEF08009B6A7A /* MeterDelegate.swift */; };
		56199C71217BF2AC009B6A7A /* OldLooper.swift in Sources */ = {isa = PBXBuildFile; fileRef = 56199C70217BF2AC009B6A7A /* OldLooper.swift */; };
		5657E6FD21545A1D00994A49 /* Track.swift in Sources */ = {isa = PBXBuildFile; fileRef = 5657E6FC21545A1D00994A49 /* Track.swift */; };
		5657E70021545EDF00994A49 /* LoopRecordView.swift in Sources */ = {isa = PBXBuildFile; fileRef = 5657E6FF21545EDF00994A49 /* LoopRecordView.swift */; };
		5657E70221545F2100994A49 /* LoopRecordDelegate.swift in Sources */ = {isa = PBXBuildFile; fileRef = 5657E70121545F2100994A49 /* LoopRecordDelegate.swift */; };
		5657E7042154625F00994A49 /* MuteAllView.swift in Sources */ = {isa = PBXBuildFile; fileRef = 5657E7032154625F00994A49 /* MuteAllView.swift */; };
		5657E7062154628E00994A49 /* Looper.swift in Sources */ = {isa = PBXBuildFile; fileRef = 5657E7052154628E00994A49 /* Looper.swift */; };
		5657E7082154687200994A49 /* MoreOptionsView.swift in Sources */ = {isa = PBXBuildFile; fileRef = 5657E7072154687200994A49 /* MoreOptionsView.swift */; };
		5657E70A2154689800994A49 /* TrackSelectorDelegate.swift in Sources */ = {isa = PBXBuildFile; fileRef = 5657E7092154689800994A49 /* TrackSelectorDelegate.swift */; };
		5657E70C215489B800994A49 /* TrackCollectionViewCell.swift in Sources */ = {isa = PBXBuildFile; fileRef = 5657E70B215489B800994A49 /* TrackCollectionViewCell.swift */; };
		5657E70F21548C8A00994A49 /* TracksViewController+UICollectionViewSource.swift in Sources */ = {isa = PBXBuildFile; fileRef = 5657E70E21548C8A00994A49 /* TracksViewController+UICollectionViewSource.swift */; };
		5657E71121549A0500994A49 /* TracksViewController+UICollectionViewDelegate.swift in Sources */ = {isa = PBXBuildFile; fileRef = 5657E71021549A0500994A49 /* TracksViewController+UICollectionViewDelegate.swift */; };
		5657E71321549AB700994A49 /* WaveformCollectionViewLayout.swift in Sources */ = {isa = PBXBuildFile; fileRef = 5657E71221549AB700994A49 /* WaveformCollectionViewLayout.swift */; };
		5657E71521549C4200994A49 /* TracksCollectionViewLayout.swift in Sources */ = {isa = PBXBuildFile; fileRef = 5657E71421549C4200994A49 /* TracksCollectionViewLayout.swift */; };
		5657E71721549E4600994A49 /* TracksViewController+LoopRecordViewDelegate.swift in Sources */ = {isa = PBXBuildFile; fileRef = 5657E71621549E4600994A49 /* TracksViewController+LoopRecordViewDelegate.swift */; };
		5657E71921549E5A00994A49 /* LoopRecordViewDelegate.swift in Sources */ = {isa = PBXBuildFile; fileRef = 5657E71821549E5A00994A49 /* LoopRecordViewDelegate.swift */; };
		5659F7802155ED97002FD653 /* HindMadurai-Light.ttf in Resources */ = {isa = PBXBuildFile; fileRef = 5659F77F2155ED97002FD653 /* HindMadurai-Light.ttf */; };
		5659F7832155EE0D002FD653 /* UIFont+HindMadurai.swift in Sources */ = {isa = PBXBuildFile; fileRef = 5659F7822155EE0D002FD653 /* UIFont+HindMadurai.swift */; };
		5659F7852155EF57002FD653 /* UIFont+Size.swift in Sources */ = {isa = PBXBuildFile; fileRef = 5659F7842155EF57002FD653 /* UIFont+Size.swift */; };
		5659F7872155F035002FD653 /* UIColor+Theme.swift in Sources */ = {isa = PBXBuildFile; fileRef = 5659F7862155F035002FD653 /* UIColor+Theme.swift */; };
		5663F4CE201D135F0061DC86 /* AppDelegate.swift in Sources */ = {isa = PBXBuildFile; fileRef = 5663F4CD201D135F0061DC86 /* AppDelegate.swift */; };
		5663F4D0201D135F0061DC86 /* TracksViewController.swift in Sources */ = {isa = PBXBuildFile; fileRef = 5663F4CF201D135F0061DC86 /* TracksViewController.swift */; };
		5663F4D5201D135F0061DC86 /* Assets.xcassets in Resources */ = {isa = PBXBuildFile; fileRef = 5663F4D4201D135F0061DC86 /* Assets.xcassets */; };
		5663F4D8201D135F0061DC86 /* LaunchScreen.storyboard in Resources */ = {isa = PBXBuildFile; fileRef = 5663F4D6201D135F0061DC86 /* LaunchScreen.storyboard */; };
		566A7FCF202151640027ABC1 /* Error.swift in Sources */ = {isa = PBXBuildFile; fileRef = 566A7FCE202151640027ABC1 /* Error.swift */; };
		566F5C9021508AA900B40EE9 /* LoopPoint.swift in Sources */ = {isa = PBXBuildFile; fileRef = 566F5C8F21508AA900B40EE9 /* LoopPoint.swift */; };
		569B6969231EFCC6001100EB /* MoreOptionsDelegate.swift in Sources */ = {isa = PBXBuildFile; fileRef = 569B6968231EFCC6001100EB /* MoreOptionsDelegate.swift */; };
		56CF8E6F217CB82100D4F766 /* AudioVolumeDelegate.swift in Sources */ = {isa = PBXBuildFile; fileRef = 56CF8E6E217CB82100D4F766 /* AudioVolumeDelegate.swift */; };
		56CF8E71217CB9AB00D4F766 /* WaveformView.swift in Sources */ = {isa = PBXBuildFile; fileRef = 56CF8E70217CB9AB00D4F766 /* WaveformView.swift */; };
		56CF8E73217CB9F500D4F766 /* BookmarkView.swift in Sources */ = {isa = PBXBuildFile; fileRef = 56CF8E72217CB9F500D4F766 /* BookmarkView.swift */; };
		56CF8E75217CC6AB00D4F766 /* WaveformGestureRecognizer.swift in Sources */ = {isa = PBXBuildFile; fileRef = 56CF8E74217CC6AB00D4F766 /* WaveformGestureRecognizer.swift */; };
		56CF8E77217CCC9500D4F766 /* VolumeControlView.swift in Sources */ = {isa = PBXBuildFile; fileRef = 56CF8E76217CCC9500D4F766 /* VolumeControlView.swift */; };
		56CF8E79217CD25500D4F766 /* LoopPlaybackView.swift in Sources */ = {isa = PBXBuildFile; fileRef = 56CF8E78217CD25500D4F766 /* LoopPlaybackView.swift */; };
		56CF8E7B217CD27F00D4F766 /* PlaybackVisualDelegate.swift in Sources */ = {isa = PBXBuildFile; fileRef = 56CF8E7A217CD27F00D4F766 /* PlaybackVisualDelegate.swift */; };
		56CF8E7D217CD43200D4F766 /* RemoveTrackView.swift in Sources */ = {isa = PBXBuildFile; fileRef = 56CF8E7C217CD43200D4F766 /* RemoveTrackView.swift */; };
		56F4B5A12151CD0C002148A4 /* Disablable.swift in Sources */ = {isa = PBXBuildFile; fileRef = 56F4B5A02151CD0C002148A4 /* Disablable.swift */; };
		56F4B5A42151CD5D002148A4 /* Constants.swift in Sources */ = {isa = PBXBuildFile; fileRef = 56F4B5A32151CD5D002148A4 /* Constants.swift */; };
		56F4B5A72151CDA7002148A4 /* BottomControlView.swift in Sources */ = {isa = PBXBuildFile; fileRef = 56F4B5A62151CDA7002148A4 /* BottomControlView.swift */; };
		56F4B5A92151CDEB002148A4 /* RecordView.swift in Sources */ = {isa = PBXBuildFile; fileRef = 56F4B5A82151CDEB002148A4 /* RecordView.swift */; };
		56F4B5AB2151CE10002148A4 /* RecordDelegate.swift in Sources */ = {isa = PBXBuildFile; fileRef = 56F4B5AA2151CE10002148A4 /* RecordDelegate.swift */; };
		8DDDB6C1D1E3F8CF99606DBA /* Pods_repeatr2.framework in Frameworks */ = {isa = PBXBuildFile; fileRef = 8E6BC466E7F686CBAC9B931A /* Pods_repeatr2.framework */; };
/* End PBXBuildFile section */

/* Begin PBXFileReference section */
		0E8E80ACFD8CCE49F5BFC613 /* Pods-repeatr2.debug.xcconfig */ = {isa = PBXFileReference; includeInIndex = 1; lastKnownFileType = text.xcconfig; name = "Pods-repeatr2.debug.xcconfig"; path = "Pods/Target Support Files/Pods-repeatr2/Pods-repeatr2.debug.xcconfig"; sourceTree = "<group>"; };
		56199C65217BDD1D009B6A7A /* HindMadurai-Bold.ttf */ = {isa = PBXFileReference; lastKnownFileType = file; path = "HindMadurai-Bold.ttf"; sourceTree = "<group>"; };
		56199C66217BDD1D009B6A7A /* HindMadurai-SemiBold.ttf */ = {isa = PBXFileReference; lastKnownFileType = file; path = "HindMadurai-SemiBold.ttf"; sourceTree = "<group>"; };
		56199C6A217BEE35009B6A7A /* PlaybackDelegate.swift */ = {isa = PBXFileReference; lastKnownFileType = sourcecode.swift; path = PlaybackDelegate.swift; sourceTree = "<group>"; };
		56199C6C217BEEC4009B6A7A /* LoopPlaybackDelegate.swift */ = {isa = PBXFileReference; lastKnownFileType = sourcecode.swift; path = LoopPlaybackDelegate.swift; sourceTree = "<group>"; };
		56199C6E217BEF08009B6A7A /* MeterDelegate.swift */ = {isa = PBXFileReference; lastKnownFileType = sourcecode.swift; path = MeterDelegate.swift; sourceTree = "<group>"; };
		56199C70217BF2AC009B6A7A /* OldLooper.swift */ = {isa = PBXFileReference; lastKnownFileType = sourcecode.swift; path = OldLooper.swift; sourceTree = "<group>"; };
		5657E6FC21545A1D00994A49 /* Track.swift */ = {isa = PBXFileReference; lastKnownFileType = sourcecode.swift; path = Track.swift; sourceTree = "<group>"; };
		5657E6FF21545EDF00994A49 /* LoopRecordView.swift */ = {isa = PBXFileReference; lastKnownFileType = sourcecode.swift; path = LoopRecordView.swift; sourceTree = "<group>"; };
		5657E70121545F2100994A49 /* LoopRecordDelegate.swift */ = {isa = PBXFileReference; lastKnownFileType = sourcecode.swift; path = LoopRecordDelegate.swift; sourceTree = "<group>"; };
		5657E7032154625F00994A49 /* MuteAllView.swift */ = {isa = PBXFileReference; fileEncoding = 4; lastKnownFileType = sourcecode.swift; path = MuteAllView.swift; sourceTree = "<group>"; };
		5657E7052154628E00994A49 /* Looper.swift */ = {isa = PBXFileReference; fileEncoding = 4; lastKnownFileType = sourcecode.swift; path = Looper.swift; sourceTree = "<group>"; };
		5657E7072154687200994A49 /* MoreOptionsView.swift */ = {isa = PBXFileReference; fileEncoding = 4; lastKnownFileType = sourcecode.swift; path = MoreOptionsView.swift; sourceTree = "<group>"; };
		5657E7092154689800994A49 /* TrackSelectorDelegate.swift */ = {isa = PBXFileReference; fileEncoding = 4; lastKnownFileType = sourcecode.swift; path = TrackSelectorDelegate.swift; sourceTree = "<group>"; };
		5657E70B215489B800994A49 /* TrackCollectionViewCell.swift */ = {isa = PBXFileReference; lastKnownFileType = sourcecode.swift; path = TrackCollectionViewCell.swift; sourceTree = "<group>"; };
		5657E70E21548C8A00994A49 /* TracksViewController+UICollectionViewSource.swift */ = {isa = PBXFileReference; lastKnownFileType = sourcecode.swift; path = "TracksViewController+UICollectionViewSource.swift"; sourceTree = "<group>"; };
		5657E71021549A0500994A49 /* TracksViewController+UICollectionViewDelegate.swift */ = {isa = PBXFileReference; lastKnownFileType = sourcecode.swift; path = "TracksViewController+UICollectionViewDelegate.swift"; sourceTree = "<group>"; };
		5657E71221549AB700994A49 /* WaveformCollectionViewLayout.swift */ = {isa = PBXFileReference; fileEncoding = 4; lastKnownFileType = sourcecode.swift; path = WaveformCollectionViewLayout.swift; sourceTree = "<group>"; };
		5657E71421549C4200994A49 /* TracksCollectionViewLayout.swift */ = {isa = PBXFileReference; fileEncoding = 4; lastKnownFileType = sourcecode.swift; path = TracksCollectionViewLayout.swift; sourceTree = "<group>"; };
		5657E71621549E4600994A49 /* TracksViewController+LoopRecordViewDelegate.swift */ = {isa = PBXFileReference; lastKnownFileType = sourcecode.swift; path = "TracksViewController+LoopRecordViewDelegate.swift"; sourceTree = "<group>"; };
		5657E71821549E5A00994A49 /* LoopRecordViewDelegate.swift */ = {isa = PBXFileReference; lastKnownFileType = sourcecode.swift; path = LoopRecordViewDelegate.swift; sourceTree = "<group>"; };
		5659F77F2155ED97002FD653 /* HindMadurai-Light.ttf */ = {isa = PBXFileReference; lastKnownFileType = file; path = "HindMadurai-Light.ttf"; sourceTree = "<group>"; };
		5659F7812155EDB6002FD653 /* HindMadurai-Regular.ttf */ = {isa = PBXFileReference; lastKnownFileType = file; path = "HindMadurai-Regular.ttf"; sourceTree = "<group>"; };
		5659F7822155EE0D002FD653 /* UIFont+HindMadurai.swift */ = {isa = PBXFileReference; lastKnownFileType = sourcecode.swift; path = "UIFont+HindMadurai.swift"; sourceTree = "<group>"; };
		5659F7842155EF57002FD653 /* UIFont+Size.swift */ = {isa = PBXFileReference; lastKnownFileType = sourcecode.swift; path = "UIFont+Size.swift"; sourceTree = "<group>"; };
		5659F7862155F035002FD653 /* UIColor+Theme.swift */ = {isa = PBXFileReference; lastKnownFileType = sourcecode.swift; path = "UIColor+Theme.swift"; sourceTree = "<group>"; };
		5663F4CA201D135F0061DC86 /* repeatr2.app */ = {isa = PBXFileReference; explicitFileType = wrapper.application; includeInIndex = 0; path = repeatr2.app; sourceTree = BUILT_PRODUCTS_DIR; };
		5663F4CD201D135F0061DC86 /* AppDelegate.swift */ = {isa = PBXFileReference; lastKnownFileType = sourcecode.swift; path = AppDelegate.swift; sourceTree = "<group>"; };
		5663F4CF201D135F0061DC86 /* TracksViewController.swift */ = {isa = PBXFileReference; lastKnownFileType = sourcecode.swift; path = TracksViewController.swift; sourceTree = "<group>"; };
		5663F4D4201D135F0061DC86 /* Assets.xcassets */ = {isa = PBXFileReference; lastKnownFileType = folder.assetcatalog; path = Assets.xcassets; sourceTree = "<group>"; };
		5663F4D7201D135F0061DC86 /* Base */ = {isa = PBXFileReference; lastKnownFileType = file.storyboard; name = Base; path = Base.lproj/LaunchScreen.storyboard; sourceTree = "<group>"; };
		5663F4D9201D135F0061DC86 /* Info.plist */ = {isa = PBXFileReference; lastKnownFileType = text.plist.xml; path = Info.plist; sourceTree = "<group>"; };
		566A7FCE202151640027ABC1 /* Error.swift */ = {isa = PBXFileReference; lastKnownFileType = sourcecode.swift; path = Error.swift; sourceTree = "<group>"; };
		566F5C8F21508AA900B40EE9 /* LoopPoint.swift */ = {isa = PBXFileReference; fileEncoding = 4; lastKnownFileType = sourcecode.swift; path = LoopPoint.swift; sourceTree = "<group>"; };
		569B6968231EFCC6001100EB /* MoreOptionsDelegate.swift */ = {isa = PBXFileReference; lastKnownFileType = sourcecode.swift; path = MoreOptionsDelegate.swift; sourceTree = "<group>"; };
		56CF8E6E217CB82100D4F766 /* AudioVolumeDelegate.swift */ = {isa = PBXFileReference; lastKnownFileType = sourcecode.swift; path = AudioVolumeDelegate.swift; sourceTree = "<group>"; };
		56CF8E70217CB9AB00D4F766 /* WaveformView.swift */ = {isa = PBXFileReference; lastKnownFileType = sourcecode.swift; path = WaveformView.swift; sourceTree = "<group>"; };
		56CF8E72217CB9F500D4F766 /* BookmarkView.swift */ = {isa = PBXFileReference; lastKnownFileType = sourcecode.swift; path = BookmarkView.swift; sourceTree = "<group>"; };
		56CF8E74217CC6AB00D4F766 /* WaveformGestureRecognizer.swift */ = {isa = PBXFileReference; lastKnownFileType = sourcecode.swift; path = WaveformGestureRecognizer.swift; sourceTree = "<group>"; };
		56CF8E76217CCC9500D4F766 /* VolumeControlView.swift */ = {isa = PBXFileReference; lastKnownFileType = sourcecode.swift; path = VolumeControlView.swift; sourceTree = "<group>"; };
		56CF8E78217CD25500D4F766 /* LoopPlaybackView.swift */ = {isa = PBXFileReference; lastKnownFileType = sourcecode.swift; path = LoopPlaybackView.swift; sourceTree = "<group>"; };
		56CF8E7A217CD27F00D4F766 /* PlaybackVisualDelegate.swift */ = {isa = PBXFileReference; lastKnownFileType = sourcecode.swift; path = PlaybackVisualDelegate.swift; sourceTree = "<group>"; };
		56CF8E7C217CD43200D4F766 /* RemoveTrackView.swift */ = {isa = PBXFileReference; lastKnownFileType = sourcecode.swift; path = RemoveTrackView.swift; sourceTree = "<group>"; };
		56F4B5A02151CD0C002148A4 /* Disablable.swift */ = {isa = PBXFileReference; fileEncoding = 4; lastKnownFileType = sourcecode.swift; path = Disablable.swift; sourceTree = "<group>"; };
		56F4B5A32151CD5D002148A4 /* Constants.swift */ = {isa = PBXFileReference; fileEncoding = 4; lastKnownFileType = sourcecode.swift; path = Constants.swift; sourceTree = "<group>"; };
		56F4B5A62151CDA7002148A4 /* BottomControlView.swift */ = {isa = PBXFileReference; fileEncoding = 4; lastKnownFileType = sourcecode.swift; path = BottomControlView.swift; sourceTree = "<group>"; };
		56F4B5A82151CDEB002148A4 /* RecordView.swift */ = {isa = PBXFileReference; fileEncoding = 4; lastKnownFileType = sourcecode.swift; path = RecordView.swift; sourceTree = "<group>"; };
		56F4B5AA2151CE10002148A4 /* RecordDelegate.swift */ = {isa = PBXFileReference; fileEncoding = 4; lastKnownFileType = sourcecode.swift; path = RecordDelegate.swift; sourceTree = "<group>"; };
		7D5B2FB80F09733E46E94D3D /* Pods-repeatr2.release.xcconfig */ = {isa = PBXFileReference; includeInIndex = 1; lastKnownFileType = text.xcconfig; name = "Pods-repeatr2.release.xcconfig"; path = "Pods/Target Support Files/Pods-repeatr2/Pods-repeatr2.release.xcconfig"; sourceTree = "<group>"; };
		8E6BC466E7F686CBAC9B931A /* Pods_repeatr2.framework */ = {isa = PBXFileReference; explicitFileType = wrapper.framework; includeInIndex = 0; path = Pods_repeatr2.framework; sourceTree = BUILT_PRODUCTS_DIR; };
/* End PBXFileReference section */

/* Begin PBXFrameworksBuildPhase section */
		5663F4C7201D135F0061DC86 /* Frameworks */ = {
			isa = PBXFrameworksBuildPhase;
			buildActionMask = 2147483647;
			files = (
				8DDDB6C1D1E3F8CF99606DBA /* Pods_repeatr2.framework in Frameworks */,
			);
			runOnlyForDeploymentPostprocessing = 0;
		};
/* End PBXFrameworksBuildPhase section */

/* Begin PBXGroup section */
		14BE3F007B06C936ADD1224A /* Frameworks */ = {
			isa = PBXGroup;
			children = (
				8E6BC466E7F686CBAC9B931A /* Pods_repeatr2.framework */,
			);
			name = Frameworks;
			sourceTree = "<group>";
		};
		563778DC2152664E002C9086 /* Cells */ = {
			isa = PBXGroup;
			children = (
				5657E70B215489B800994A49 /* TrackCollectionViewCell.swift */,
			);
			path = Cells;
			sourceTree = "<group>";
		};
		5657E6FE21545A3D00994A49 /* Services */ = {
			isa = PBXGroup;
			children = (
				5657E6FC21545A1D00994A49 /* Track.swift */,
				5657E7052154628E00994A49 /* Looper.swift */,
				56199C70217BF2AC009B6A7A /* OldLooper.swift */,
			);
			path = Services;
			sourceTree = "<group>";
		};
		5657E70D21548C6E00994A49 /* Extensions */ = {
			isa = PBXGroup;
			children = (
				5657E70E21548C8A00994A49 /* TracksViewController+UICollectionViewSource.swift */,
				5657E71021549A0500994A49 /* TracksViewController+UICollectionViewDelegate.swift */,
				5657E71621549E4600994A49 /* TracksViewController+LoopRecordViewDelegate.swift */,
				5659F7822155EE0D002FD653 /* UIFont+HindMadurai.swift */,
				5659F7842155EF57002FD653 /* UIFont+Size.swift */,
				5659F7862155F035002FD653 /* UIColor+Theme.swift */,
			);
			path = Extensions;
			sourceTree = "<group>";
		};
		5659F77E2155A7EE002FD653 /* Fonts */ = {
			isa = PBXGroup;
			children = (
				5659F7812155EDB6002FD653 /* HindMadurai-Regular.ttf */,
				56199C65217BDD1D009B6A7A /* HindMadurai-Bold.ttf */,
				56199C66217BDD1D009B6A7A /* HindMadurai-SemiBold.ttf */,
				5659F77F2155ED97002FD653 /* HindMadurai-Light.ttf */,
			);
			path = Fonts;
			sourceTree = "<group>";
		};
		5663F4C1201D135F0061DC86 = {
			isa = PBXGroup;
			children = (
				5663F4CC201D135F0061DC86 /* repeatr2 */,
				5663F4CB201D135F0061DC86 /* Products */,
				C47FF8962DB31F22117FE46A /* Pods */,
				14BE3F007B06C936ADD1224A /* Frameworks */,
			);
			sourceTree = "<group>";
		};
		5663F4CB201D135F0061DC86 /* Products */ = {
			isa = PBXGroup;
			children = (
				5663F4CA201D135F0061DC86 /* repeatr2.app */,
			);
			name = Products;
			sourceTree = "<group>";
		};
		5663F4CC201D135F0061DC86 /* repeatr2 */ = {
			isa = PBXGroup;
			children = (
				5663F4CD201D135F0061DC86 /* AppDelegate.swift */,
				5663F4D4201D135F0061DC86 /* Assets.xcassets */,
				563778DC2152664E002C9086 /* Cells */,
				56F4B59F2151CD02002148A4 /* Delegates */,
				5657E70D21548C6E00994A49 /* Extensions */,
				5659F77E2155A7EE002FD653 /* Fonts */,
				5663F4D9201D135F0061DC86 /* Info.plist */,
				5663F4D6201D135F0061DC86 /* LaunchScreen.storyboard */,
				566F5C8B215088D800B40EE9 /* Models */,
				5657E6FE21545A3D00994A49 /* Services */,
				56F4B5A22151CD56002148A4 /* Shared */,
				566F5C8E2150893600B40EE9 /* ViewControllers */,
				56F4B5A52151CD9C002148A4 /* Views */,
			);
			path = repeatr2;
			sourceTree = "<group>";
		};
		566F5C8B215088D800B40EE9 /* Models */ = {
			isa = PBXGroup;
			children = (
				566F5C8F21508AA900B40EE9 /* LoopPoint.swift */,
			);
			path = Models;
			sourceTree = "<group>";
		};
		566F5C8E2150893600B40EE9 /* ViewControllers */ = {
			isa = PBXGroup;
			children = (
				5663F4CF201D135F0061DC86 /* TracksViewController.swift */,
			);
			path = ViewControllers;
			sourceTree = "<group>";
		};
		56F4B59F2151CD02002148A4 /* Delegates */ = {
			isa = PBXGroup;
			children = (
				56CF8E7A217CD27F00D4F766 /* PlaybackVisualDelegate.swift */,
				56CF8E6E217CB82100D4F766 /* AudioVolumeDelegate.swift */,
				56199C6E217BEF08009B6A7A /* MeterDelegate.swift */,
				56199C6A217BEE35009B6A7A /* PlaybackDelegate.swift */,
				56199C6C217BEEC4009B6A7A /* LoopPlaybackDelegate.swift */,
				5657E7092154689800994A49 /* TrackSelectorDelegate.swift */,
				56F4B5AA2151CE10002148A4 /* RecordDelegate.swift */,
				56F4B5A02151CD0C002148A4 /* Disablable.swift */,
				5657E70121545F2100994A49 /* LoopRecordDelegate.swift */,
				5657E71821549E5A00994A49 /* LoopRecordViewDelegate.swift */,
				569B6968231EFCC6001100EB /* MoreOptionsDelegate.swift */,
			);
			path = Delegates;
			sourceTree = "<group>";
		};
		56F4B5A22151CD56002148A4 /* Shared */ = {
			isa = PBXGroup;
			children = (
				56CF8E74217CC6AB00D4F766 /* WaveformGestureRecognizer.swift */,
				566A7FCE202151640027ABC1 /* Error.swift */,
				5657E71221549AB700994A49 /* WaveformCollectionViewLayout.swift */,
				5657E71421549C4200994A49 /* TracksCollectionViewLayout.swift */,
				56F4B5A32151CD5D002148A4 /* Constants.swift */,
			);
			path = Shared;
			sourceTree = "<group>";
		};
		56F4B5A52151CD9C002148A4 /* Views */ = {
			isa = PBXGroup;
			children = (
				56CF8E7C217CD43200D4F766 /* RemoveTrackView.swift */,
				56CF8E78217CD25500D4F766 /* LoopPlaybackView.swift */,
				56CF8E76217CCC9500D4F766 /* VolumeControlView.swift */,
				56CF8E72217CB9F500D4F766 /* BookmarkView.swift */,
				56CF8E70217CB9AB00D4F766 /* WaveformView.swift */,
				5657E7072154687200994A49 /* MoreOptionsView.swift */,
				5657E7032154625F00994A49 /* MuteAllView.swift */,
				56F4B5A62151CDA7002148A4 /* BottomControlView.swift */,
				56F4B5A82151CDEB002148A4 /* RecordView.swift */,
				5657E6FF21545EDF00994A49 /* LoopRecordView.swift */,
			);
			path = Views;
			sourceTree = "<group>";
		};
		C47FF8962DB31F22117FE46A /* Pods */ = {
			isa = PBXGroup;
			children = (
				0E8E80ACFD8CCE49F5BFC613 /* Pods-repeatr2.debug.xcconfig */,
				7D5B2FB80F09733E46E94D3D /* Pods-repeatr2.release.xcconfig */,
			);
			name = Pods;
			sourceTree = "<group>";
		};
/* End PBXGroup section */

/* Begin PBXNativeTarget section */
		5663F4C9201D135F0061DC86 /* repeatr2 */ = {
			isa = PBXNativeTarget;
			buildConfigurationList = 5663F4DC201D135F0061DC86 /* Build configuration list for PBXNativeTarget "repeatr2" */;
			buildPhases = (
				C1B8BD157A8440042872A443 /* [CP] Check Pods Manifest.lock */,
				5663F4C6201D135F0061DC86 /* Sources */,
				5663F4C7201D135F0061DC86 /* Frameworks */,
				5663F4C8201D135F0061DC86 /* Resources */,
				4BC17A85B1E0E9595A19C6A8 /* [CP] Embed Pods Frameworks */,
			);
			buildRules = (
			);
			dependencies = (
			);
			name = repeatr2;
			productName = repeatr2;
			productReference = 5663F4CA201D135F0061DC86 /* repeatr2.app */;
			productType = "com.apple.product-type.application";
		};
/* End PBXNativeTarget section */

/* Begin PBXProject section */
		5663F4C2201D135F0061DC86 /* Project object */ = {
			isa = PBXProject;
			attributes = {
				LastSwiftUpdateCheck = 0920;
				LastUpgradeCheck = 1000;
				ORGANIZATIONNAME = "Alex Katz";
				TargetAttributes = {
					5663F4C9201D135F0061DC86 = {
						CreatedOnToolsVersion = 9.2;
						LastSwiftMigration = 1030;
						ProvisioningStyle = Automatic;
					};
				};
			};
			buildConfigurationList = 5663F4C5201D135F0061DC86 /* Build configuration list for PBXProject "repeatr2" */;
			compatibilityVersion = "Xcode 8.0";
			developmentRegion = en;
			hasScannedForEncodings = 0;
			knownRegions = (
				en,
				Base,
			);
			mainGroup = 5663F4C1201D135F0061DC86;
			productRefGroup = 5663F4CB201D135F0061DC86 /* Products */;
			projectDirPath = "";
			projectRoot = "";
			targets = (
				5663F4C9201D135F0061DC86 /* repeatr2 */,
			);
		};
/* End PBXProject section */

/* Begin PBXResourcesBuildPhase section */
		5663F4C8201D135F0061DC86 /* Resources */ = {
			isa = PBXResourcesBuildPhase;
			buildActionMask = 2147483647;
			files = (
				56199C67217BDD1D009B6A7A /* HindMadurai-Bold.ttf in Resources */,
				5663F4D8201D135F0061DC86 /* LaunchScreen.storyboard in Resources */,
				5659F7802155ED97002FD653 /* HindMadurai-Light.ttf in Resources */,
				56199C68217BDD1D009B6A7A /* HindMadurai-SemiBold.ttf in Resources */,
				56199C69217BE07C009B6A7A /* HindMadurai-Regular.ttf in Resources */,
				5663F4D5201D135F0061DC86 /* Assets.xcassets in Resources */,
			);
			runOnlyForDeploymentPostprocessing = 0;
		};
/* End PBXResourcesBuildPhase section */

/* Begin PBXShellScriptBuildPhase section */
		4BC17A85B1E0E9595A19C6A8 /* [CP] Embed Pods Frameworks */ = {
			isa = PBXShellScriptBuildPhase;
			buildActionMask = 2147483647;
			files = (
			);
			inputPaths = (
				"${SRCROOT}/Pods/Target Support Files/Pods-repeatr2/Pods-repeatr2-frameworks.sh",
				"${BUILT_PRODUCTS_DIR}/SnapKit/SnapKit.framework",
			);
			name = "[CP] Embed Pods Frameworks";
			outputPaths = (
				"${TARGET_BUILD_DIR}/${FRAMEWORKS_FOLDER_PATH}/SnapKit.framework",
			);
			runOnlyForDeploymentPostprocessing = 0;
			shellPath = /bin/sh;
			shellScript = "\"${SRCROOT}/Pods/Target Support Files/Pods-repeatr2/Pods-repeatr2-frameworks.sh\"\n";
			showEnvVarsInLog = 0;
		};
		C1B8BD157A8440042872A443 /* [CP] Check Pods Manifest.lock */ = {
			isa = PBXShellScriptBuildPhase;
			buildActionMask = 2147483647;
			files = (
			);
			inputPaths = (
				"${PODS_PODFILE_DIR_PATH}/Podfile.lock",
				"${PODS_ROOT}/Manifest.lock",
			);
			name = "[CP] Check Pods Manifest.lock";
			outputPaths = (
				"$(DERIVED_FILE_DIR)/Pods-repeatr2-checkManifestLockResult.txt",
			);
			runOnlyForDeploymentPostprocessing = 0;
			shellPath = /bin/sh;
			shellScript = "diff \"${PODS_PODFILE_DIR_PATH}/Podfile.lock\" \"${PODS_ROOT}/Manifest.lock\" > /dev/null\nif [ $? != 0 ] ; then\n    # print error to STDERR\n    echo \"error: The sandbox is not in sync with the Podfile.lock. Run 'pod install' or update your CocoaPods installation.\" >&2\n    exit 1\nfi\n# This output is used by Xcode 'outputs' to avoid re-running this script phase.\necho \"SUCCESS\" > \"${SCRIPT_OUTPUT_FILE_0}\"\n";
			showEnvVarsInLog = 0;
		};
/* End PBXShellScriptBuildPhase section */

/* Begin PBXSourcesBuildPhase section */
		5663F4C6201D135F0061DC86 /* Sources */ = {
			isa = PBXSourcesBuildPhase;
			buildActionMask = 2147483647;
			files = (
				56CF8E7D217CD43200D4F766 /* RemoveTrackView.swift in Sources */,
				5657E70C215489B800994A49 /* TrackCollectionViewCell.swift in Sources */,
				56CF8E79217CD25500D4F766 /* LoopPlaybackView.swift in Sources */,
				5657E71321549AB700994A49 /* WaveformCollectionViewLayout.swift in Sources */,
				56F4B5A12151CD0C002148A4 /* Disablable.swift in Sources */,
				56CF8E7B217CD27F00D4F766 /* PlaybackVisualDelegate.swift in Sources */,
				5657E71721549E4600994A49 /* TracksViewController+LoopRecordViewDelegate.swift in Sources */,
				5657E70F21548C8A00994A49 /* TracksViewController+UICollectionViewSource.swift in Sources */,
				5663F4D0201D135F0061DC86 /* TracksViewController.swift in Sources */,
				56CF8E75217CC6AB00D4F766 /* WaveformGestureRecognizer.swift in Sources */,
				566A7FCF202151640027ABC1 /* Error.swift in Sources */,
				56F4B5A72151CDA7002148A4 /* BottomControlView.swift in Sources */,
				56CF8E77217CCC9500D4F766 /* VolumeControlView.swift in Sources */,
				5663F4CE201D135F0061DC86 /* AppDelegate.swift in Sources */,
				5657E7082154687200994A49 /* MoreOptionsView.swift in Sources */,
				5659F7852155EF57002FD653 /* UIFont+Size.swift in Sources */,
				56F4B5A92151CDEB002148A4 /* RecordView.swift in Sources */,
				56199C6B217BEE35009B6A7A /* PlaybackDelegate.swift in Sources */,
				5657E70A2154689800994A49 /* TrackSelectorDelegate.swift in Sources */,
				569B6969231EFCC6001100EB /* MoreOptionsDelegate.swift in Sources */,
				566F5C9021508AA900B40EE9 /* LoopPoint.swift in Sources */,
				56CF8E71217CB9AB00D4F766 /* WaveformView.swift in Sources */,
				5657E71521549C4200994A49 /* TracksCollectionViewLayout.swift in Sources */,
				56199C71217BF2AC009B6A7A /* OldLooper.swift in Sources */,
				5657E71921549E5A00994A49 /* LoopRecordViewDelegate.swift in Sources */,
				5657E7062154628E00994A49 /* Looper.swift in Sources */,
				56F4B5A42151CD5D002148A4 /* Constants.swift in Sources */,
				5659F7832155EE0D002FD653 /* UIFont+HindMadurai.swift in Sources */,
				56199C6F217BEF08009B6A7A /* MeterDelegate.swift in Sources */,
				5659F7872155F035002FD653 /* UIColor+Theme.swift in Sources */,
				5657E7042154625F00994A49 /* MuteAllView.swift in Sources */,
				56F4B5AB2151CE10002148A4 /* RecordDelegate.swift in Sources */,
				5657E6FD21545A1D00994A49 /* Track.swift in Sources */,
				5657E71121549A0500994A49 /* TracksViewController+UICollectionViewDelegate.swift in Sources */,
				56199C6D217BEEC5009B6A7A /* LoopPlaybackDelegate.swift in Sources */,
				5657E70021545EDF00994A49 /* LoopRecordView.swift in Sources */,
				56CF8E73217CB9F500D4F766 /* BookmarkView.swift in Sources */,
				5657E70221545F2100994A49 /* LoopRecordDelegate.swift in Sources */,
				56CF8E6F217CB82100D4F766 /* AudioVolumeDelegate.swift in Sources */,
			);
			runOnlyForDeploymentPostprocessing = 0;
		};
/* End PBXSourcesBuildPhase section */

/* Begin PBXVariantGroup section */
		5663F4D6201D135F0061DC86 /* LaunchScreen.storyboard */ = {
			isa = PBXVariantGroup;
			children = (
				5663F4D7201D135F0061DC86 /* Base */,
			);
			name = LaunchScreen.storyboard;
			sourceTree = "<group>";
		};
/* End PBXVariantGroup section */

/* Begin XCBuildConfiguration section */
		5663F4DA201D135F0061DC86 /* Debug */ = {
			isa = XCBuildConfiguration;
			buildSettings = {
				ALWAYS_SEARCH_USER_PATHS = NO;
				CLANG_ANALYZER_NONNULL = YES;
				CLANG_ANALYZER_NUMBER_OBJECT_CONVERSION = YES_AGGRESSIVE;
				CLANG_CXX_LANGUAGE_STANDARD = "gnu++14";
				CLANG_CXX_LIBRARY = "libc++";
				CLANG_ENABLE_MODULES = YES;
				CLANG_ENABLE_OBJC_ARC = YES;
				CLANG_WARN_BLOCK_CAPTURE_AUTORELEASING = YES;
				CLANG_WARN_BOOL_CONVERSION = YES;
				CLANG_WARN_COMMA = YES;
				CLANG_WARN_CONSTANT_CONVERSION = YES;
				CLANG_WARN_DEPRECATED_OBJC_IMPLEMENTATIONS = YES;
				CLANG_WARN_DIRECT_OBJC_ISA_USAGE = YES_ERROR;
				CLANG_WARN_DOCUMENTATION_COMMENTS = YES;
				CLANG_WARN_EMPTY_BODY = YES;
				CLANG_WARN_ENUM_CONVERSION = YES;
				CLANG_WARN_INFINITE_RECURSION = YES;
				CLANG_WARN_INT_CONVERSION = YES;
				CLANG_WARN_NON_LITERAL_NULL_CONVERSION = YES;
				CLANG_WARN_OBJC_IMPLICIT_RETAIN_SELF = YES;
				CLANG_WARN_OBJC_LITERAL_CONVERSION = YES;
				CLANG_WARN_OBJC_ROOT_CLASS = YES_ERROR;
				CLANG_WARN_RANGE_LOOP_ANALYSIS = YES;
				CLANG_WARN_STRICT_PROTOTYPES = YES;
				CLANG_WARN_SUSPICIOUS_MOVE = YES;
				CLANG_WARN_UNGUARDED_AVAILABILITY = YES_AGGRESSIVE;
				CLANG_WARN_UNREACHABLE_CODE = YES;
				CLANG_WARN__DUPLICATE_METHOD_MATCH = YES;
				CODE_SIGN_IDENTITY = "iPhone Developer";
				COPY_PHASE_STRIP = NO;
				DEBUG_INFORMATION_FORMAT = dwarf;
				ENABLE_STRICT_OBJC_MSGSEND = YES;
				ENABLE_TESTABILITY = YES;
				GCC_C_LANGUAGE_STANDARD = gnu11;
				GCC_DYNAMIC_NO_PIC = NO;
				GCC_NO_COMMON_BLOCKS = YES;
				GCC_OPTIMIZATION_LEVEL = 0;
				GCC_PREPROCESSOR_DEFINITIONS = (
					"DEBUG=1",
					"$(inherited)",
				);
				GCC_WARN_64_TO_32_BIT_CONVERSION = YES;
				GCC_WARN_ABOUT_RETURN_TYPE = YES_ERROR;
				GCC_WARN_UNDECLARED_SELECTOR = YES;
				GCC_WARN_UNINITIALIZED_AUTOS = YES_AGGRESSIVE;
				GCC_WARN_UNUSED_FUNCTION = YES;
				GCC_WARN_UNUSED_VARIABLE = YES;
				IPHONEOS_DEPLOYMENT_TARGET = 11.2;
				MTL_ENABLE_DEBUG_INFO = YES;
				ONLY_ACTIVE_ARCH = YES;
				SDKROOT = iphoneos;
				SWIFT_ACTIVE_COMPILATION_CONDITIONS = DEBUG;
				SWIFT_OPTIMIZATION_LEVEL = "-Onone";
			};
			name = Debug;
		};
		5663F4DB201D135F0061DC86 /* Release */ = {
			isa = XCBuildConfiguration;
			buildSettings = {
				ALWAYS_SEARCH_USER_PATHS = NO;
				CLANG_ANALYZER_NONNULL = YES;
				CLANG_ANALYZER_NUMBER_OBJECT_CONVERSION = YES_AGGRESSIVE;
				CLANG_CXX_LANGUAGE_STANDARD = "gnu++14";
				CLANG_CXX_LIBRARY = "libc++";
				CLANG_ENABLE_MODULES = YES;
				CLANG_ENABLE_OBJC_ARC = YES;
				CLANG_WARN_BLOCK_CAPTURE_AUTORELEASING = YES;
				CLANG_WARN_BOOL_CONVERSION = YES;
				CLANG_WARN_COMMA = YES;
				CLANG_WARN_CONSTANT_CONVERSION = YES;
				CLANG_WARN_DEPRECATED_OBJC_IMPLEMENTATIONS = YES;
				CLANG_WARN_DIRECT_OBJC_ISA_USAGE = YES_ERROR;
				CLANG_WARN_DOCUMENTATION_COMMENTS = YES;
				CLANG_WARN_EMPTY_BODY = YES;
				CLANG_WARN_ENUM_CONVERSION = YES;
				CLANG_WARN_INFINITE_RECURSION = YES;
				CLANG_WARN_INT_CONVERSION = YES;
				CLANG_WARN_NON_LITERAL_NULL_CONVERSION = YES;
				CLANG_WARN_OBJC_IMPLICIT_RETAIN_SELF = YES;
				CLANG_WARN_OBJC_LITERAL_CONVERSION = YES;
				CLANG_WARN_OBJC_ROOT_CLASS = YES_ERROR;
				CLANG_WARN_RANGE_LOOP_ANALYSIS = YES;
				CLANG_WARN_STRICT_PROTOTYPES = YES;
				CLANG_WARN_SUSPICIOUS_MOVE = YES;
				CLANG_WARN_UNGUARDED_AVAILABILITY = YES_AGGRESSIVE;
				CLANG_WARN_UNREACHABLE_CODE = YES;
				CLANG_WARN__DUPLICATE_METHOD_MATCH = YES;
				CODE_SIGN_IDENTITY = "iPhone Developer";
				COPY_PHASE_STRIP = NO;
				DEBUG_INFORMATION_FORMAT = "dwarf-with-dsym";
				ENABLE_NS_ASSERTIONS = NO;
				ENABLE_STRICT_OBJC_MSGSEND = YES;
				GCC_C_LANGUAGE_STANDARD = gnu11;
				GCC_NO_COMMON_BLOCKS = YES;
				GCC_WARN_64_TO_32_BIT_CONVERSION = YES;
				GCC_WARN_ABOUT_RETURN_TYPE = YES_ERROR;
				GCC_WARN_UNDECLARED_SELECTOR = YES;
				GCC_WARN_UNINITIALIZED_AUTOS = YES_AGGRESSIVE;
				GCC_WARN_UNUSED_FUNCTION = YES;
				GCC_WARN_UNUSED_VARIABLE = YES;
				IPHONEOS_DEPLOYMENT_TARGET = 11.2;
				MTL_ENABLE_DEBUG_INFO = NO;
				SDKROOT = iphoneos;
				SWIFT_OPTIMIZATION_LEVEL = "-Owholemodule";
				VALIDATE_PRODUCT = YES;
			};
			name = Release;
		};
		5663F4DD201D135F0061DC86 /* Debug */ = {
			isa = XCBuildConfiguration;
			baseConfigurationReference = 0E8E80ACFD8CCE49F5BFC613 /* Pods-repeatr2.debug.xcconfig */;
			buildSettings = {
				ASSETCATALOG_COMPILER_APPICON_NAME = AppIcon;
				CODE_SIGN_STYLE = Automatic;
				DEVELOPMENT_TEAM = UX2RCP32D2;
				INFOPLIST_FILE = repeatr2/Info.plist;
				IPHONEOS_DEPLOYMENT_TARGET = 12.4;
				LD_RUNPATH_SEARCH_PATHS = "$(inherited) @executable_path/Frameworks";
				PRODUCT_BUNDLE_IDENTIFIER = org.alexkatz.repeatr2;
				PRODUCT_NAME = "$(TARGET_NAME)";
				SWIFT_VERSION = 5.0;
				TARGETED_DEVICE_FAMILY = "1,2";
			};
			name = Debug;
		};
		5663F4DE201D135F0061DC86 /* Release */ = {
			isa = XCBuildConfiguration;
			baseConfigurationReference = 7D5B2FB80F09733E46E94D3D /* Pods-repeatr2.release.xcconfig */;
			buildSettings = {
				ASSETCATALOG_COMPILER_APPICON_NAME = AppIcon;
				CODE_SIGN_STYLE = Automatic;
				DEVELOPMENT_TEAM = UX2RCP32D2;
				INFOPLIST_FILE = repeatr2/Info.plist;
				IPHONEOS_DEPLOYMENT_TARGET = 12.4;
				LD_RUNPATH_SEARCH_PATHS = "$(inherited) @executable_path/Frameworks";
				PRODUCT_BUNDLE_IDENTIFIER = org.alexkatz.repeatr2;
				PRODUCT_NAME = "$(TARGET_NAME)";
				SWIFT_VERSION = 5.0;
				TARGETED_DEVICE_FAMILY = "1,2";
			};
			name = Release;
		};
/* End XCBuildConfiguration section */

/* Begin XCConfigurationList section */
		5663F4C5201D135F0061DC86 /* Build configuration list for PBXProject "repeatr2" */ = {
			isa = XCConfigurationList;
			buildConfigurations = (
				5663F4DA201D135F0061DC86 /* Debug */,
				5663F4DB201D135F0061DC86 /* Release */,
			);
			defaultConfigurationIsVisible = 0;
			defaultConfigurationName = Release;
		};
		5663F4DC201D135F0061DC86 /* Build configuration list for PBXNativeTarget "repeatr2" */ = {
			isa = XCConfigurationList;
			buildConfigurations = (
				5663F4DD201D135F0061DC86 /* Debug */,
				5663F4DE201D135F0061DC86 /* Release */,
			);
			defaultConfigurationIsVisible = 0;
			defaultConfigurationName = Release;
		};
/* End XCConfigurationList section */
	};
	rootObject = 5663F4C2201D135F0061DC86 /* Project object */;
}
